
Microsoft Visual Studio Solution File, Format Version 12.00
# Visual Studio 14
VisualStudioVersion = 14.0.25420.1
MinimumVisualStudioVersion = 10.0.40219.1
Project("{FAE04EC0-301F-11D3-BF4B-00C04F79EFBC}") = "DesignPaterns", "DesignPaterns\DesignPaterns.csproj", "{54A51DF9-20E5-4306-BBD7-E30D2FC9F526}"
EndProject
Project("{2150E333-8FDC-42A3-9474-1A3956D46DE8}") = "Arquitetura", "Arquitetura", "{C80C9341-F034-478F-8BFB-48F2646DC898}"
EndProject
Project("{2150E333-8FDC-42A3-9474-1A3956D46DE8}") = "Comportamentais", "Comportamentais", "{91685A85-5212-46C7-991E-5B5F4D2D68DD}"
EndProject
Project("{2150E333-8FDC-42A3-9474-1A3956D46DE8}") = "Criacionais", "Criacionais", "{79A4C245-1AE2-4238-9101-8C2432A123DB}"
EndProject
Project("{2150E333-8FDC-42A3-9474-1A3956D46DE8}") = "Estruturais", "Estruturais", "{6E3BB17B-4DF9-462C-B92E-5B76E839B78D}"
EndProject
Project("{FAE04EC0-301F-11D3-BF4B-00C04F79EFBC}") = "DependencyInjection", "Arquitetura\DependencyInjection\DependencyInjection.csproj", "{A10287F2-B1FD-4D9F-B57A-B1C70D8763FE}"
EndProject
Project("{FAE04EC0-301F-11D3-BF4B-00C04F79EFBC}") = "ChainResponsibility", "Comportamentais\ChainResponsibility\ChainResponsibility.csproj", "{5343D4CB-0123-4D9F-86B1-2C6D4DD4EE77}"
EndProject
Project("{FAE04EC0-301F-11D3-BF4B-00C04F79EFBC}") = "Command", "Comportamentais\Command\Command.csproj", "{8D4E3975-B1D1-4000-825F-8E4D3EEE1967}"
EndProject
Project("{FAE04EC0-301F-11D3-BF4B-00C04F79EFBC}") = "Interpreter", "Comportamentais\Interpreter\Interpreter.csproj", "{31225BF8-9229-4B50-90BC-49C2E07D9349}"
EndProject
Project("{FAE04EC0-301F-11D3-BF4B-00C04F79EFBC}") = "Iterator", "Comportamentais\Iterator\Iterator.csproj", "{637CCE01-DC2E-4431-B14D-4ABECC75D2C9}"
EndProject
Project("{FAE04EC0-301F-11D3-BF4B-00C04F79EFBC}") = "Mediator", "Comportamentais\Mediator\Mediator.csproj", "{39FA39D9-18B1-48C8-84C3-21F466F2DE35}"
EndProject
Project("{FAE04EC0-301F-11D3-BF4B-00C04F79EFBC}") = "Memento", "Comportamentais\Memento\Memento.csproj", "{6F8EE0B2-F373-4331-956D-6112E381E85C}"
EndProject
Project("{FAE04EC0-301F-11D3-BF4B-00C04F79EFBC}") = "Observer", "Comportamentais\Observer\Observer.csproj", "{187C9EDC-4CC2-4854-9D24-BAF1FC4B932E}"
EndProject
Project("{FAE04EC0-301F-11D3-BF4B-00C04F79EFBC}") = "State", "Comportamentais\State\State.csproj", "{A6BCBBDF-15E9-410E-A826-AE3C8156236F}"
EndProject
Project("{FAE04EC0-301F-11D3-BF4B-00C04F79EFBC}") = "Strategy", "Comportamentais\Strategy\Strategy.csproj", "{4F3EDCEB-C8A3-45D3-BE0B-68836C50742E}"
EndProject
Project("{FAE04EC0-301F-11D3-BF4B-00C04F79EFBC}") = "TemplateMethod", "Comportamentais\TemplateMethod\TemplateMethod.csproj", "{707B09BD-7929-42B8-B5C8-05D0C4C02C5C}"
EndProject
Project("{FAE04EC0-301F-11D3-BF4B-00C04F79EFBC}") = "Visitor", "Comportamentais\Visitor\Visitor.csproj", "{26759405-384B-4D2A-86BA-5976CAAC94FC}"
EndProject
Project("{FAE04EC0-301F-11D3-BF4B-00C04F79EFBC}") = "AbstractFactory", "Criacionais\AbstractFactory\AbstractFactory.csproj", "{EFE42FED-FDA5-452F-B5C3-0BDCCC1C4CC7}"
EndProject
Project("{FAE04EC0-301F-11D3-BF4B-00C04F79EFBC}") = "Builder", "Criacionais\Builder\Builder.csproj", "{C7F7104A-4F27-4796-8D3F-4892EE81C336}"
EndProject
Project("{FAE04EC0-301F-11D3-BF4B-00C04F79EFBC}") = "FactoryMethod", "Criacionais\FactoryMethod\FactoryMethod.csproj", "{FF2F89C8-7037-4EF1-B733-81768334D1E0}"
EndProject
Project("{FAE04EC0-301F-11D3-BF4B-00C04F79EFBC}") = "Prototype", "Criacionais\Prototype\Prototype.csproj", "{39A6EF12-21AD-427E-A22B-A9CCCA2BA3F5}"
EndProject
Project("{FAE04EC0-301F-11D3-BF4B-00C04F79EFBC}") = "Singleton", "Criacionais\Singleton\Singleton.csproj", "{FF55A861-F331-44C7-BB1C-D4592B773AEC}"
EndProject
Project("{FAE04EC0-301F-11D3-BF4B-00C04F79EFBC}") = "Adapter", "Estruturais\Adapter\Adapter.csproj", "{3F89558D-C6E6-4FF6-A4A6-9DA9A6A9C37D}"
EndProject
Project("{FAE04EC0-301F-11D3-BF4B-00C04F79EFBC}") = "Bridge", "Estruturais\Bridge\Bridge.csproj", "{72596781-164F-4049-AE4C-FB9C11F9443E}"
EndProject
Project("{FAE04EC0-301F-11D3-BF4B-00C04F79EFBC}") = "Composite", "Estruturais\Composite\Composite.csproj", "{AFF6792F-C218-493F-977F-21C87D8ECCFB}"
EndProject
Project("{FAE04EC0-301F-11D3-BF4B-00C04F79EFBC}") = "Decorator", "Estruturais\Decorator\Decorator.csproj", "{5F2F24B1-E7F3-45EC-AB3C-8D6A6F5602BA}"
EndProject
Project("{FAE04EC0-301F-11D3-BF4B-00C04F79EFBC}") = "Facade", "Estruturais\Facade\Facade.csproj", "{746F49DA-65CE-4902-9421-94C98E5E4119}"
EndProject
Project("{FAE04EC0-301F-11D3-BF4B-00C04F79EFBC}") = "Flyweight", "Estruturais\Flyweight\Flyweight.csproj", "{38CF7B12-47A0-4D1C-9D75-BA1542E92EF1}"
EndProject
Project("{FAE04EC0-301F-11D3-BF4B-00C04F79EFBC}") = "Proxy", "Estruturais\Proxy\Proxy.csproj", "{57C52410-4273-4D07-892D-A3D476CB3984}"
EndProject
Global
	GlobalSection(SolutionConfigurationPlatforms) = preSolution
		Debug|Any CPU = Debug|Any CPU
		Release|Any CPU = Release|Any CPU
	EndGlobalSection
	GlobalSection(ProjectConfigurationPlatforms) = postSolution
		{54A51DF9-20E5-4306-BBD7-E30D2FC9F526}.Debug|Any CPU.ActiveCfg = Debug|Any CPU
		{54A51DF9-20E5-4306-BBD7-E30D2FC9F526}.Debug|Any CPU.Build.0 = Debug|Any CPU
		{54A51DF9-20E5-4306-BBD7-E30D2FC9F526}.Release|Any CPU.ActiveCfg = Release|Any CPU
		{54A51DF9-20E5-4306-BBD7-E30D2FC9F526}.Release|Any CPU.Build.0 = Release|Any CPU
		{A10287F2-B1FD-4D9F-B57A-B1C70D8763FE}.Debug|Any CPU.ActiveCfg = Debug|Any CPU
		{A10287F2-B1FD-4D9F-B57A-B1C70D8763FE}.Debug|Any CPU.Build.0 = Debug|Any CPU
		{A10287F2-B1FD-4D9F-B57A-B1C70D8763FE}.Release|Any CPU.ActiveCfg = Release|Any CPU
		{A10287F2-B1FD-4D9F-B57A-B1C70D8763FE}.Release|Any CPU.Build.0 = Release|Any CPU
		{5343D4CB-0123-4D9F-86B1-2C6D4DD4EE77}.Debug|Any CPU.ActiveCfg = Debug|Any CPU
		{5343D4CB-0123-4D9F-86B1-2C6D4DD4EE77}.Debug|Any CPU.Build.0 = Debug|Any CPU
		{5343D4CB-0123-4D9F-86B1-2C6D4DD4EE77}.Release|Any CPU.ActiveCfg = Release|Any CPU
		{5343D4CB-0123-4D9F-86B1-2C6D4DD4EE77}.Release|Any CPU.Build.0 = Release|Any CPU
		{8D4E3975-B1D1-4000-825F-8E4D3EEE1967}.Debug|Any CPU.ActiveCfg = Debug|Any CPU
		{8D4E3975-B1D1-4000-825F-8E4D3EEE1967}.Debug|Any CPU.Build.0 = Debug|Any CPU
		{8D4E3975-B1D1-4000-825F-8E4D3EEE1967}.Release|Any CPU.ActiveCfg = Release|Any CPU
		{8D4E3975-B1D1-4000-825F-8E4D3EEE1967}.Release|Any CPU.Build.0 = Release|Any CPU
		{31225BF8-9229-4B50-90BC-49C2E07D9349}.Debug|Any CPU.ActiveCfg = Debug|Any CPU
		{31225BF8-9229-4B50-90BC-49C2E07D9349}.Debug|Any CPU.Build.0 = Debug|Any CPU
		{31225BF8-9229-4B50-90BC-49C2E07D9349}.Release|Any CPU.ActiveCfg = Release|Any CPU
		{31225BF8-9229-4B50-90BC-49C2E07D9349}.Release|Any CPU.Build.0 = Release|Any CPU
		{637CCE01-DC2E-4431-B14D-4ABECC75D2C9}.Debug|Any CPU.ActiveCfg = Debug|Any CPU
		{637CCE01-DC2E-4431-B14D-4ABECC75D2C9}.Debug|Any CPU.Build.0 = Debug|Any CPU
		{637CCE01-DC2E-4431-B14D-4ABECC75D2C9}.Release|Any CPU.ActiveCfg = Release|Any CPU
		{637CCE01-DC2E-4431-B14D-4ABECC75D2C9}.Release|Any CPU.Build.0 = Release|Any CPU
		{39FA39D9-18B1-48C8-84C3-21F466F2DE35}.Debug|Any CPU.ActiveCfg = Debug|Any CPU
		{39FA39D9-18B1-48C8-84C3-21F466F2DE35}.Debug|Any CPU.Build.0 = Debug|Any CPU
		{39FA39D9-18B1-48C8-84C3-21F466F2DE35}.Release|Any CPU.ActiveCfg = Release|Any CPU
		{39FA39D9-18B1-48C8-84C3-21F466F2DE35}.Release|Any CPU.Build.0 = Release|Any CPU
		{6F8EE0B2-F373-4331-956D-6112E381E85C}.Debug|Any CPU.ActiveCfg = Debug|Any CPU
		{6F8EE0B2-F373-4331-956D-6112E381E85C}.Debug|Any CPU.Build.0 = Debug|Any CPU
		{6F8EE0B2-F373-4331-956D-6112E381E85C}.Release|Any CPU.ActiveCfg = Release|Any CPU
		{6F8EE0B2-F373-4331-956D-6112E381E85C}.Release|Any CPU.Build.0 = Release|Any CPU
		{187C9EDC-4CC2-4854-9D24-BAF1FC4B932E}.Debug|Any CPU.ActiveCfg = Debug|Any CPU
		{187C9EDC-4CC2-4854-9D24-BAF1FC4B932E}.Debug|Any CPU.Build.0 = Debug|Any CPU
		{187C9EDC-4CC2-4854-9D24-BAF1FC4B932E}.Release|Any CPU.ActiveCfg = Release|Any CPU
		{187C9EDC-4CC2-4854-9D24-BAF1FC4B932E}.Release|Any CPU.Build.0 = Release|Any CPU
		{A6BCBBDF-15E9-410E-A826-AE3C8156236F}.Debug|Any CPU.ActiveCfg = Debug|Any CPU
		{A6BCBBDF-15E9-410E-A826-AE3C8156236F}.Debug|Any CPU.Build.0 = Debug|Any CPU
		{A6BCBBDF-15E9-410E-A826-AE3C8156236F}.Release|Any CPU.ActiveCfg = Release|Any CPU
		{A6BCBBDF-15E9-410E-A826-AE3C8156236F}.Release|Any CPU.Build.0 = Release|Any CPU
		{4F3EDCEB-C8A3-45D3-BE0B-68836C50742E}.Debug|Any CPU.ActiveCfg = Debug|Any CPU
		{4F3EDCEB-C8A3-45D3-BE0B-68836C50742E}.Debug|Any CPU.Build.0 = Debug|Any CPU
		{4F3EDCEB-C8A3-45D3-BE0B-68836C50742E}.Release|Any CPU.ActiveCfg = Release|Any CPU
		{4F3EDCEB-C8A3-45D3-BE0B-68836C50742E}.Release|Any CPU.Build.0 = Release|Any CPU
		{707B09BD-7929-42B8-B5C8-05D0C4C02C5C}.Debug|Any CPU.ActiveCfg = Debug|Any CPU
		{707B09BD-7929-42B8-B5C8-05D0C4C02C5C}.Debug|Any CPU.Build.0 = Debug|Any CPU
		{707B09BD-7929-42B8-B5C8-05D0C4C02C5C}.Release|Any CPU.ActiveCfg = Release|Any CPU
		{707B09BD-7929-42B8-B5C8-05D0C4C02C5C}.Release|Any CPU.Build.0 = Release|Any CPU
		{26759405-384B-4D2A-86BA-5976CAAC94FC}.Debug|Any CPU.ActiveCfg = Debug|Any CPU
		{26759405-384B-4D2A-86BA-5976CAAC94FC}.Debug|Any CPU.Build.0 = Debug|Any CPU
		{26759405-384B-4D2A-86BA-5976CAAC94FC}.Release|Any CPU.ActiveCfg = Release|Any CPU
		{26759405-384B-4D2A-86BA-5976CAAC94FC}.Release|Any CPU.Build.0 = Release|Any CPU
		{EFE42FED-FDA5-452F-B5C3-0BDCCC1C4CC7}.Debug|Any CPU.ActiveCfg = Debug|Any CPU
		{EFE42FED-FDA5-452F-B5C3-0BDCCC1C4CC7}.Debug|Any CPU.Build.0 = Debug|Any CPU
		{EFE42FED-FDA5-452F-B5C3-0BDCCC1C4CC7}.Release|Any CPU.ActiveCfg = Release|Any CPU
		{EFE42FED-FDA5-452F-B5C3-0BDCCC1C4CC7}.Release|Any CPU.Build.0 = Release|Any CPU
		{C7F7104A-4F27-4796-8D3F-4892EE81C336}.Debug|Any CPU.ActiveCfg = Debug|Any CPU
		{C7F7104A-4F27-4796-8D3F-4892EE81C336}.Debug|Any CPU.Build.0 = Debug|Any CPU
		{C7F7104A-4F27-4796-8D3F-4892EE81C336}.Release|Any CPU.ActiveCfg = Release|Any CPU
		{C7F7104A-4F27-4796-8D3F-4892EE81C336}.Release|Any CPU.Build.0 = Release|Any CPU
		{FF2F89C8-7037-4EF1-B733-81768334D1E0}.Debug|Any CPU.ActiveCfg = Debug|Any CPU
		{FF2F89C8-7037-4EF1-B733-81768334D1E0}.Debug|Any CPU.Build.0 = Debug|Any CPU
		{FF2F89C8-7037-4EF1-B733-81768334D1E0}.Release|Any CPU.ActiveCfg = Release|Any CPU
		{FF2F89C8-7037-4EF1-B733-81768334D1E0}.Release|Any CPU.Build.0 = Release|Any CPU
		{39A6EF12-21AD-427E-A22B-A9CCCA2BA3F5}.Debug|Any CPU.ActiveCfg = Debug|Any CPU
		{39A6EF12-21AD-427E-A22B-A9CCCA2BA3F5}.Debug|Any CPU.Build.0 = Debug|Any CPU
		{39A6EF12-21AD-427E-A22B-A9CCCA2BA3F5}.Release|Any CPU.ActiveCfg = Release|Any CPU
		{39A6EF12-21AD-427E-A22B-A9CCCA2BA3F5}.Release|Any CPU.Build.0 = Release|Any CPU
		{FF55A861-F331-44C7-BB1C-D4592B773AEC}.Debug|Any CPU.ActiveCfg = Debug|Any CPU
		{FF55A861-F331-44C7-BB1C-D4592B773AEC}.Debug|Any CPU.Build.0 = Debug|Any CPU
		{FF55A861-F331-44C7-BB1C-D4592B773AEC}.Release|Any CPU.ActiveCfg = Release|Any CPU
		{FF55A861-F331-44C7-BB1C-D4592B773AEC}.Release|Any CPU.Build.0 = Release|Any CPU
		{3F89558D-C6E6-4FF6-A4A6-9DA9A6A9C37D}.Debug|Any CPU.ActiveCfg = Debug|Any CPU
		{3F89558D-C6E6-4FF6-A4A6-9DA9A6A9C37D}.Debug|Any CPU.Build.0 = Debug|Any CPU
		{3F89558D-C6E6-4FF6-A4A6-9DA9A6A9C37D}.Release|Any CPU.ActiveCfg = Release|Any CPU
		{3F89558D-C6E6-4FF6-A4A6-9DA9A6A9C37D}.Release|Any CPU.Build.0 = Release|Any CPU
		{72596781-164F-4049-AE4C-FB9C11F9443E}.Debug|Any CPU.ActiveCfg = Debug|Any CPU
		{72596781-164F-4049-AE4C-FB9C11F9443E}.Debug|Any CPU.Build.0 = Debug|Any CPU
		{72596781-164F-4049-AE4C-FB9C11F9443E}.Release|Any CPU.ActiveCfg = Release|Any CPU
		{72596781-164F-4049-AE4C-FB9C11F9443E}.Release|Any CPU.Build.0 = Release|Any CPU
		{AFF6792F-C218-493F-977F-21C87D8ECCFB}.Debug|Any CPU.ActiveCfg = Debug|Any CPU
		{AFF6792F-C218-493F-977F-21C87D8ECCFB}.Debug|Any CPU.Build.0 = Debug|Any CPU
		{AFF6792F-C218-493F-977F-21C87D8ECCFB}.Release|Any CPU.ActiveCfg = Release|Any CPU
		{AFF6792F-C218-493F-977F-21C87D8ECCFB}.Release|Any CPU.Build.0 = Release|Any CPU
		{5F2F24B1-E7F3-45EC-AB3C-8D6A6F5602BA}.Debug|Any CPU.ActiveCfg = Debug|Any CPU
		{5F2F24B1-E7F3-45EC-AB3C-8D6A6F5602BA}.Debug|Any CPU.Build.0 = Debug|Any CPU
		{5F2F24B1-E7F3-45EC-AB3C-8D6A6F5602BA}.Release|Any CPU.ActiveCfg = Release|Any CPU
		{5F2F24B1-E7F3-45EC-AB3C-8D6A6F5602BA}.Release|Any CPU.Build.0 = Release|Any CPU
		{746F49DA-65CE-4902-9421-94C98E5E4119}.Debug|Any CPU.ActiveCfg = Debug|Any CPU
		{746F49DA-65CE-4902-9421-94C98E5E4119}.Debug|Any CPU.Build.0 = Debug|Any CPU
		{746F49DA-65CE-4902-9421-94C98E5E4119}.Release|Any CPU.ActiveCfg = Release|Any CPU
		{746F49DA-65CE-4902-9421-94C98E5E4119}.Release|Any CPU.Build.0 = Release|Any CPU
		{38CF7B12-47A0-4D1C-9D75-BA1542E92EF1}.Debug|Any CPU.ActiveCfg = Debug|Any CPU
		{38CF7B12-47A0-4D1C-9D75-BA1542E92EF1}.Debug|Any CPU.Build.0 = Debug|Any CPU
		{38CF7B12-47A0-4D1C-9D75-BA1542E92EF1}.Release|Any CPU.ActiveCfg = Release|Any CPU
		{38CF7B12-47A0-4D1C-9D75-BA1542E92EF1}.Release|Any CPU.Build.0 = Release|Any CPU
		{57C52410-4273-4D07-892D-A3D476CB3984}.Debug|Any CPU.ActiveCfg = Debug|Any CPU
		{57C52410-4273-4D07-892D-A3D476CB3984}.Debug|Any CPU.Build.0 = Debug|Any CPU
		{57C52410-4273-4D07-892D-A3D476CB3984}.Release|Any CPU.ActiveCfg = Release|Any CPU
		{57C52410-4273-4D07-892D-A3D476CB3984}.Release|Any CPU.Build.0 = Release|Any CPU
	EndGlobalSection
	GlobalSection(SolutionProperties) = preSolution
		HideSolutionNode = FALSE
	EndGlobalSection
	GlobalSection(NestedProjects) = preSolution
		{A10287F2-B1FD-4D9F-B57A-B1C70D8763FE} = {C80C9341-F034-478F-8BFB-48F2646DC898}
		{5343D4CB-0123-4D9F-86B1-2C6D4DD4EE77} = {91685A85-5212-46C7-991E-5B5F4D2D68DD}
		{8D4E3975-B1D1-4000-825F-8E4D3EEE1967} = {91685A85-5212-46C7-991E-5B5F4D2D68DD}
		{31225BF8-9229-4B50-90BC-49C2E07D9349} = {91685A85-5212-46C7-991E-5B5F4D2D68DD}
		{637CCE01-DC2E-4431-B14D-4ABECC75D2C9} = {91685A85-5212-46C7-991E-5B5F4D2D68DD}
		{39FA39D9-18B1-48C8-84C3-21F466F2DE35} = {91685A85-5212-46C7-991E-5B5F4D2D68DD}
		{6F8EE0B2-F373-4331-956D-6112E381E85C} = {91685A85-5212-46C7-991E-5B5F4D2D68DD}
		{187C9EDC-4CC2-4854-9D24-BAF1FC4B932E} = {91685A85-5212-46C7-991E-5B5F4D2D68DD}
		{A6BCBBDF-15E9-410E-A826-AE3C8156236F} = {91685A85-5212-46C7-991E-5B5F4D2D68DD}
		{4F3EDCEB-C8A3-45D3-BE0B-68836C50742E} = {91685A85-5212-46C7-991E-5B5F4D2D68DD}
		{707B09BD-7929-42B8-B5C8-05D0C4C02C5C} = {91685A85-5212-46C7-991E-5B5F4D2D68DD}
		{26759405-384B-4D2A-86BA-5976CAAC94FC} = {91685A85-5212-46C7-991E-5B5F4D2D68DD}
		{EFE42FED-FDA5-452F-B5C3-0BDCCC1C4CC7} = {79A4C245-1AE2-4238-9101-8C2432A123DB}
		{C7F7104A-4F27-4796-8D3F-4892EE81C336} = {79A4C245-1AE2-4238-9101-8C2432A123DB}
		{FF2F89C8-7037-4EF1-B733-81768334D1E0} = {79A4C245-1AE2-4238-9101-8C2432A123DB}
		{39A6EF12-21AD-427E-A22B-A9CCCA2BA3F5} = {79A4C245-1AE2-4238-9101-8C2432A123DB}
		{FF55A861-F331-44C7-BB1C-D4592B773AEC} = {79A4C245-1AE2-4238-9101-8C2432A123DB}
		{3F89558D-C6E6-4FF6-A4A6-9DA9A6A9C37D} = {6E3BB17B-4DF9-462C-B92E-5B76E839B78D}
		{72596781-164F-4049-AE4C-FB9C11F9443E} = {6E3BB17B-4DF9-462C-B92E-5B76E839B78D}
		{AFF6792F-C218-493F-977F-21C87D8ECCFB} = {6E3BB17B-4DF9-462C-B92E-5B76E839B78D}
		{5F2F24B1-E7F3-45EC-AB3C-8D6A6F5602BA} = {6E3BB17B-4DF9-462C-B92E-5B76E839B78D}
		{746F49DA-65CE-4902-9421-94C98E5E4119} = {6E3BB17B-4DF9-462C-B92E-5B76E839B78D}
		{38CF7B12-47A0-4D1C-9D75-BA1542E92EF1} = {6E3BB17B-4DF9-462C-B92E-5B76E839B78D}
		{57C52410-4273-4D07-892D-A3D476CB3984} = {6E3BB17B-4DF9-462C-B92E-5B76E839B78D}
	EndGlobalSection
EndGlobal
